// !$*UTF8*$!
{
	archiveVersion = 1;
	classes = {
	};
	objectVersion = 46;
	objects = {

/* Begin PBXBuildFile section */
		BAFE79241D12449C004B8DC2 /* TableManager.h in Headers */ = {isa = PBXBuildFile; fileRef = BAFE79231D12449C004B8DC2 /* TableManager.h */; settings = {ATTRIBUTES = (Public, ); }; };
		BAFE792F1D1244B3004B8DC2 /* Row.swift in Sources */ = {isa = PBXBuildFile; fileRef = BAFE792B1D1244B3004B8DC2 /* Row.swift */; };
		BAFE79301D1244B3004B8DC2 /* TableViewExtension.swift in Sources */ = {isa = PBXBuildFile; fileRef = BAFE792C1D1244B3004B8DC2 /* TableViewExtension.swift */; };
		BAFE79311D1244B3004B8DC2 /* Section.swift in Sources */ = {isa = PBXBuildFile; fileRef = BAFE792D1D1244B3004B8DC2 /* Section.swift */; };
		BAFE79321D1244B3004B8DC2 /* TableManager.swift in Sources */ = {isa = PBXBuildFile; fileRef = BAFE792E1D1244B3004B8DC2 /* TableManager.swift */; };
/* End PBXBuildFile section */

/* Begin PBXFileReference section */
		BAFE79201D12449C004B8DC2 /* TableManager.framework */ = {isa = PBXFileReference; explicitFileType = wrapper.framework; includeInIndex = 0; path = TableManager.framework; sourceTree = BUILT_PRODUCTS_DIR; };
		BAFE79231D12449C004B8DC2 /* TableManager.h */ = {isa = PBXFileReference; lastKnownFileType = sourcecode.c.h; path = TableManager.h; sourceTree = "<group>"; };
		BAFE79251D12449C004B8DC2 /* Info.plist */ = {isa = PBXFileReference; lastKnownFileType = text.plist.xml; path = Info.plist; sourceTree = "<group>"; };
		BAFE792B1D1244B3004B8DC2 /* Row.swift */ = {isa = PBXFileReference; fileEncoding = 4; lastKnownFileType = sourcecode.swift; name = Row.swift; path = ../../Pod/Classes/Row.swift; sourceTree = "<group>"; };
		BAFE792C1D1244B3004B8DC2 /* TableViewExtension.swift */ = {isa = PBXFileReference; fileEncoding = 4; lastKnownFileType = sourcecode.swift; name = TableViewExtension.swift; path = ../../Pod/Classes/TableViewExtension.swift; sourceTree = "<group>"; };
		BAFE792D1D1244B3004B8DC2 /* Section.swift */ = {isa = PBXFileReference; fileEncoding = 4; lastKnownFileType = sourcecode.swift; name = Section.swift; path = ../../Pod/Classes/Section.swift; sourceTree = "<group>"; };
		BAFE792E1D1244B3004B8DC2 /* TableManager.swift */ = {isa = PBXFileReference; fileEncoding = 4; lastKnownFileType = sourcecode.swift; name = TableManager.swift; path = ../../Pod/Classes/TableManager.swift; sourceTree = "<group>"; };
/* End PBXFileReference section */

/* Begin PBXFrameworksBuildPhase section */
		BAFE791C1D12449C004B8DC2 /* Frameworks */ = {
			isa = PBXFrameworksBuildPhase;
			buildActionMask = 2147483647;
			files = (
			);
			runOnlyForDeploymentPostprocessing = 0;
		};
/* End PBXFrameworksBuildPhase section */

/* Begin PBXGroup section */
		BAFE79161D12449C004B8DC2 = {
			isa = PBXGroup;
			children = (
				BAFE79221D12449C004B8DC2 /* TableManager */,
				BAFE79211D12449C004B8DC2 /* Products */,
			);
			sourceTree = "<group>";
		};
		BAFE79211D12449C004B8DC2 /* Products */ = {
			isa = PBXGroup;
			children = (
				BAFE79201D12449C004B8DC2 /* TableManager.framework */,
			);
			name = Products;
			sourceTree = "<group>";
		};
		BAFE79221D12449C004B8DC2 /* TableManager */ = {
			isa = PBXGroup;
			children = (
				BAFE79231D12449C004B8DC2 /* TableManager.h */,
				BAFE792B1D1244B3004B8DC2 /* Row.swift */,
				BAFE792C1D1244B3004B8DC2 /* TableViewExtension.swift */,
				BAFE792D1D1244B3004B8DC2 /* Section.swift */,
				BAFE792E1D1244B3004B8DC2 /* TableManager.swift */,
				BAFE79251D12449C004B8DC2 /* Info.plist */,
			);
			path = TableManager;
			sourceTree = "<group>";
		};
/* End PBXGroup section */

/* Begin PBXHeadersBuildPhase section */
		BAFE791D1D12449C004B8DC2 /* Headers */ = {
			isa = PBXHeadersBuildPhase;
			buildActionMask = 2147483647;
			files = (
				BAFE79241D12449C004B8DC2 /* TableManager.h in Headers */,
			);
			runOnlyForDeploymentPostprocessing = 0;
		};
/* End PBXHeadersBuildPhase section */

/* Begin PBXNativeTarget section */
		BAFE791F1D12449C004B8DC2 /* TableManager */ = {
			isa = PBXNativeTarget;
			buildConfigurationList = BAFE79281D12449C004B8DC2 /* Build configuration list for PBXNativeTarget "TableManager" */;
			buildPhases = (
				BAFE791B1D12449C004B8DC2 /* Sources */,
				BAFE791C1D12449C004B8DC2 /* Frameworks */,
				BAFE791D1D12449C004B8DC2 /* Headers */,
				BAFE791E1D12449C004B8DC2 /* Resources */,
			);
			buildRules = (
			);
			dependencies = (
			);
			name = TableManager;
			productName = TableManager;
			productReference = BAFE79201D12449C004B8DC2 /* TableManager.framework */;
			productType = "com.apple.product-type.framework";
		};
/* End PBXNativeTarget section */

/* Begin PBXProject section */
		BAFE79171D12449C004B8DC2 /* Project object */ = {
			isa = PBXProject;
			attributes = {
				LastUpgradeCheck = 0730;
				ORGANIZATIONNAME = Morbix;
				TargetAttributes = {
					BAFE791F1D12449C004B8DC2 = {
						CreatedOnToolsVersion = 7.3;
					};
				};
			};
			buildConfigurationList = BAFE791A1D12449C004B8DC2 /* Build configuration list for PBXProject "TableManager" */;
			compatibilityVersion = "Xcode 3.2";
			developmentRegion = English;
			hasScannedForEncodings = 0;
			knownRegions = (
				en,
			);
			mainGroup = BAFE79161D12449C004B8DC2;
			productRefGroup = BAFE79211D12449C004B8DC2 /* Products */;
			projectDirPath = "";
			projectRoot = "";
			targets = (
				BAFE791F1D12449C004B8DC2 /* TableManager */,
			);
		};
/* End PBXProject section */

/* Begin PBXResourcesBuildPhase section */
		BAFE791E1D12449C004B8DC2 /* Resources */ = {
			isa = PBXResourcesBuildPhase;
			buildActionMask = 2147483647;
			files = (
			);
			runOnlyForDeploymentPostprocessing = 0;
		};
/* End PBXResourcesBuildPhase section */

/* Begin PBXSourcesBuildPhase section */
		BAFE791B1D12449C004B8DC2 /* Sources */ = {
			isa = PBXSourcesBuildPhase;
			buildActionMask = 2147483647;
			files = (
				BAFE79321D1244B3004B8DC2 /* TableManager.swift in Sources */,
				BAFE79311D1244B3004B8DC2 /* Section.swift in Sources */,
				BAFE792F1D1244B3004B8DC2 /* Row.swift in Sources */,
				BAFE79301D1244B3004B8DC2 /* TableViewExtension.swift in Sources */,
			);
			runOnlyForDeploymentPostprocessing = 0;
		};
/* End PBXSourcesBuildPhase section */

/* Begin XCBuildConfiguration section */
		BAFE79261D12449C004B8DC2 /* Debug */ = {
			isa = XCBuildConfiguration;
			buildSettings = {
				ALWAYS_SEARCH_USER_PATHS = NO;
				CLANG_ANALYZER_NONNULL = YES;
				CLANG_CXX_LANGUAGE_STANDARD = "gnu++0x";
				CLANG_CXX_LIBRARY = "libc++";
				CLANG_ENABLE_MODULES = YES;
				CLANG_ENABLE_OBJC_ARC = YES;
				CLANG_WARN_BOOL_CONVERSION = YES;
				CLANG_WARN_CONSTANT_CONVERSION = YES;
				CLANG_WARN_DIRECT_OBJC_ISA_USAGE = YES_ERROR;
				CLANG_WARN_EMPTY_BODY = YES;
				CLANG_WARN_ENUM_CONVERSION = YES;
				CLANG_WARN_INT_CONVERSION = YES;
				CLANG_WARN_OBJC_ROOT_CLASS = YES_ERROR;
				CLANG_WARN_UNREACHABLE_CODE = YES;
				CLANG_WARN__DUPLICATE_METHOD_MATCH = YES;
				"CODE_SIGN_IDENTITY[sdk=iphoneos*]" = "iPhone Developer";
				COPY_PHASE_STRIP = NO;
				CURRENT_PROJECT_VERSION = 1;
				DEBUG_INFORMATION_FORMAT = dwarf;
				ENABLE_STRICT_OBJC_MSGSEND = YES;
				ENABLE_TESTABILITY = YES;
				GCC_C_LANGUAGE_STANDARD = gnu99;
				GCC_DYNAMIC_NO_PIC = NO;
				GCC_NO_COMMON_BLOCKS = YES;
				GCC_OPTIMIZATION_LEVEL = 0;
				GCC_PREPROCESSOR_DEFINITIONS = (
					"DEBUG=1",
					"$(inherited)",
				);
				GCC_WARN_64_TO_32_BIT_CONVERSION = YES;
				GCC_WARN_ABOUT_RETURN_TYPE = YES_ERROR;
				GCC_WARN_UNDECLARED_SELECTOR = YES;
				GCC_WARN_UNINITIALIZED_AUTOS = YES_AGGRESSIVE;
				GCC_WARN_UNUSED_FUNCTION = YES;
				GCC_WARN_UNUSED_VARIABLE = YES;
				IPHONEOS_DEPLOYMENT_TARGET = 9.3;
				MTL_ENABLE_DEBUG_INFO = YES;
				ONLY_ACTIVE_ARCH = YES;
				SDKROOT = iphoneos;
				SWIFT_OPTIMIZATION_LEVEL = "-Onone";
				TARGETED_DEVICE_FAMILY = "1,2";
				VERSIONING_SYSTEM = "apple-generic";
				VERSION_INFO_PREFIX = "";
			};
			name = Debug;
		};
		BAFE79271D12449C004B8DC2 /* Release */ = {
			isa = XCBuildConfiguration;
			buildSettings = {
				ALWAYS_SEARCH_USER_PATHS = NO;
				CLANG_ANALYZER_NONNULL = YES;
				CLANG_CXX_LANGUAGE_STANDARD = "gnu++0x";
				CLANG_CXX_LIBRARY = "libc++";
				CLANG_ENABLE_MODULES = YES;
				CLANG_ENABLE_OBJC_ARC = YES;
				CLANG_WARN_BOOL_CONVERSION = YES;
				CLANG_WARN_CONSTANT_CONVERSION = YES;
				CLANG_WARN_DIRECT_OBJC_ISA_USAGE = YES_ERROR;
				CLANG_WARN_EMPTY_BODY = YES;
				CLANG_WARN_ENUM_CONVERSION = YES;
				CLANG_WARN_INT_CONVERSION = YES;
				CLANG_WARN_OBJC_ROOT_CLASS = YES_ERROR;
				CLANG_WARN_UNREACHABLE_CODE = YES;
				CLANG_WARN__DUPLICATE_METHOD_MATCH = YES;
				"CODE_SIGN_IDENTITY[sdk=iphoneos*]" = "iPhone Developer";
				COPY_PHASE_STRIP = NO;
				CURRENT_PROJECT_VERSION = 1;
				DEBUG_INFORMATION_FORMAT = "dwarf-with-dsym";
				ENABLE_NS_ASSERTIONS = NO;
				ENABLE_STRICT_OBJC_MSGSEND = YES;
				GCC_C_LANGUAGE_STANDARD = gnu99;
				GCC_NO_COMMON_BLOCKS = YES;
				GCC_WARN_64_TO_32_BIT_CONVERSION = YES;
				GCC_WARN_ABOUT_RETURN_TYPE = YES_ERROR;
				GCC_WARN_UNDECLARED_SELECTOR = YES;
				GCC_WARN_UNINITIALIZED_AUTOS = YES_AGGRESSIVE;
				GCC_WARN_UNUSED_FUNCTION = YES;
				GCC_WARN_UNUSED_VARIABLE = YES;
				IPHONEOS_DEPLOYMENT_TARGET = 9.3;
				MTL_ENABLE_DEBUG_INFO = NO;
				SDKROOT = iphoneos;
				TARGETED_DEVICE_FAMILY = "1,2";
				VALIDATE_PRODUCT = YES;
				VERSIONING_SYSTEM = "apple-generic";
				VERSION_INFO_PREFIX = "";
			};
			name = Release;
		};
		BAFE79291D12449C004B8DC2 /* Debug */ = {
			isa = XCBuildConfiguration;
			buildSettings = {
				CLANG_ENABLE_MODULES = YES;
				DEFINES_MODULE = YES;
				DYLIB_COMPATIBILITY_VERSION = 1;
				DYLIB_CURRENT_VERSION = 1;
				DYLIB_INSTALL_NAME_BASE = "@rpath";
				INFOPLIST_FILE = TableManager/Info.plist;
				INSTALL_PATH = "$(LOCAL_LIBRARY_DIR)/Frameworks";
				LD_RUNPATH_SEARCH_PATHS = "$(inherited) @executable_path/Frameworks @loader_path/Frameworks";
				PRODUCT_BUNDLE_IDENTIFIER = com.morbix.TableManager;
				PRODUCT_NAME = "$(TARGET_NAME)";
				SKIP_INSTALL = YES;
				SWIFT_OPTIMIZATION_LEVEL = "-Onone";
			};
			name = Debug;
		};
		BAFE792A1D12449C004B8DC2 /* Release */ = {
			isa = XCBuildConfiguration;
			buildSettings = {
				CLANG_ENABLE_MODULES = YES;
				DEFINES_MODULE = YES;
				DYLIB_COMPATIBILITY_VERSION = 1;
				DYLIB_CURRENT_VERSION = 1;
				DYLIB_INSTALL_NAME_BASE = "@rpath";
				INFOPLIST_FILE = TableManager/Info.plist;
				INSTALL_PATH = "$(LOCAL_LIBRARY_DIR)/Frameworks";
				LD_RUNPATH_SEARCH_PATHS = "$(inherited) @executable_path/Frameworks @loader_path/Frameworks";
				PRODUCT_BUNDLE_IDENTIFIER = com.morbix.TableManager;
				PRODUCT_NAME = "$(TARGET_NAME)";
				SKIP_INSTALL = YES;
			};
			name = Release;
		};
/* End XCBuildConfiguration section */

/* Begin XCConfigurationList section */
		BAFE791A1D12449C004B8DC2 /* Build configuration list for PBXProject "TableManager" */ = {
			isa = XCConfigurationList;
			buildConfigurations = (
				BAFE79261D12449C004B8DC2 /* Debug */,
				BAFE79271D12449C004B8DC2 /* Release */,
			);
			defaultConfigurationIsVisible = 0;
			defaultConfigurationName = Release;
		};
		BAFE79281D12449C004B8DC2 /* Build configuration list for PBXNativeTarget "TableManager" */ = {
			isa = XCConfigurationList;
			buildConfigurations = (
				BAFE79291D12449C004B8DC2 /* Debug */,
				BAFE792A1D12449C004B8DC2 /* Release */,
			);
			defaultConfigurationIsVisible = 0;
		};
/* End XCConfigurationList section */
	};
	rootObject = BAFE79171D12449C004B8DC2 /* Project object */;
}
