// !$*UTF8*$!
{
	archiveVersion = 1;
	classes = {
	};
	objectVersion = 46;
	objects = {

/* Begin PBXBuildFile section */
		2D43B8481C42A68000B16E36 /* AppDelegate.swift in Sources */ = {isa = PBXBuildFile; fileRef = 2D43B8471C42A68000B16E36 /* AppDelegate.swift */; };
		2D43B84A1C42A68000B16E36 /* ViewController.swift in Sources */ = {isa = PBXBuildFile; fileRef = 2D43B8491C42A68000B16E36 /* ViewController.swift */; };
		2D43B84D1C42A68000B16E36 /* Main.storyboard in Resources */ = {isa = PBXBuildFile; fileRef = 2D43B84B1C42A68000B16E36 /* Main.storyboard */; };
		2D43B84F1C42A68000B16E36 /* Assets.xcassets in Resources */ = {isa = PBXBuildFile; fileRef = 2D43B84E1C42A68000B16E36 /* Assets.xcassets */; };
		2D43B8521C42A68000B16E36 /* LaunchScreen.storyboard in Resources */ = {isa = PBXBuildFile; fileRef = 2D43B8501C42A68000B16E36 /* LaunchScreen.storyboard */; };
		2D43B85D1C42A68000B16E36 /* TableManager_ExampleTests.swift in Sources */ = {isa = PBXBuildFile; fileRef = 2D43B85C1C42A68000B16E36 /* TableManager_ExampleTests.swift */; };
		2D4406151E0AA4DA006371EC /* SpacesTableViewController.swift in Sources */ = {isa = PBXBuildFile; fileRef = 2D4406141E0AA4DA006371EC /* SpacesTableViewController.swift */; };
		2DA53AEB1D109A0C0001E6DC /* BasicUsageViewController.swift in Sources */ = {isa = PBXBuildFile; fileRef = 2DA53AEA1D109A0C0001E6DC /* BasicUsageViewController.swift */; };
		2DA53AED1D10A0880001E6DC /* VisibilityViewController.swift in Sources */ = {isa = PBXBuildFile; fileRef = 2DA53AEC1D10A0880001E6DC /* VisibilityViewController.swift */; };
		2DA53AEF1D10D5310001E6DC /* Fake.swift in Sources */ = {isa = PBXBuildFile; fileRef = 2DA53AEE1D10D5310001E6DC /* Fake.swift */; };
		2DA53AF31D10DE3B0001E6DC /* CellCustomA.swift in Sources */ = {isa = PBXBuildFile; fileRef = 2DA53AF11D10DE3B0001E6DC /* CellCustomA.swift */; };
		2DA53AF41D10DE3B0001E6DC /* CellCustomA.xib in Resources */ = {isa = PBXBuildFile; fileRef = 2DA53AF21D10DE3B0001E6DC /* CellCustomA.xib */; };
		2DA53AF71D10E1310001E6DC /* CustomCellViewController.swift in Sources */ = {isa = PBXBuildFile; fileRef = 2DA53AF61D10E1310001E6DC /* CustomCellViewController.swift */; };
		2DA53AF91D10E6620001E6DC /* SelectionViewController.swift in Sources */ = {isa = PBXBuildFile; fileRef = 2DA53AF81D10E6620001E6DC /* SelectionViewController.swift */; };
		2DA53AFB1D15E7C30001E6DC /* DragAndDropViewController.swift in Sources */ = {isa = PBXBuildFile; fileRef = 2DA53AFA1D15E7C30001E6DC /* DragAndDropViewController.swift */; };
		2DA53AFD1D15FC530001E6DC /* DeletionViewController.swift in Sources */ = {isa = PBXBuildFile; fileRef = 2DA53AFC1D15FC530001E6DC /* DeletionViewController.swift */; };
		2DA53B011D1707C40001E6DC /* SelectedRowViewController.swift in Sources */ = {isa = PBXBuildFile; fileRef = 2DA53B001D1707C40001E6DC /* SelectedRowViewController.swift */; };
		2DA53B031D170B790001E6DC /* VisibleRowsViewController.swift in Sources */ = {isa = PBXBuildFile; fileRef = 2DA53B021D170B790001E6DC /* VisibleRowsViewController.swift */; };
		2DA53B051D1710BC0001E6DC /* ScrollViewDelegateViewController.swift in Sources */ = {isa = PBXBuildFile; fileRef = 2DA53B041D1710BC0001E6DC /* ScrollViewDelegateViewController.swift */; };
		2DECA1951E1BF9EA00C8548F /* LastHeightViewController.swift in Sources */ = {isa = PBXBuildFile; fileRef = 2DECA1941E1BF9EA00C8548F /* LastHeightViewController.swift */; };
		8CC7604FB6EAF26CA9994C74 /* Pods_TableManager_Example.framework in Frameworks */ = {isa = PBXBuildFile; fileRef = 20A66A9FABE3B404B0E6BCA6 /* Pods_TableManager_Example.framework */; };
		A08C80781EF806AD0043EE73 /* ActionsViewController.swift in Sources */ = {isa = PBXBuildFile; fileRef = A08C80771EF806AD0043EE73 /* ActionsViewController.swift */; };
		BE1ECB301E25A8B6006AB0E1 /* SectionIndexViewController.swift in Sources */ = {isa = PBXBuildFile; fileRef = BE1ECB2F1E25A8B6006AB0E1 /* SectionIndexViewController.swift */; };
/* End PBXBuildFile section */

/* Begin PBXContainerItemProxy section */
		2D43B8591C42A68000B16E36 /* PBXContainerItemProxy */ = {
			isa = PBXContainerItemProxy;
			containerPortal = 2D43B83C1C42A68000B16E36 /* Project object */;
			proxyType = 1;
			remoteGlobalIDString = 2D43B8431C42A68000B16E36;
			remoteInfo = "TableManager Example";
		};
/* End PBXContainerItemProxy section */

/* Begin PBXFileReference section */
		20A66A9FABE3B404B0E6BCA6 /* Pods_TableManager_Example.framework */ = {isa = PBXFileReference; explicitFileType = wrapper.framework; includeInIndex = 0; path = Pods_TableManager_Example.framework; sourceTree = BUILT_PRODUCTS_DIR; };
		2D43B8441C42A68000B16E36 /* TableManager Example.app */ = {isa = PBXFileReference; explicitFileType = wrapper.application; includeInIndex = 0; path = "TableManager Example.app"; sourceTree = BUILT_PRODUCTS_DIR; };
		2D43B8471C42A68000B16E36 /* AppDelegate.swift */ = {isa = PBXFileReference; lastKnownFileType = sourcecode.swift; path = AppDelegate.swift; sourceTree = "<group>"; };
		2D43B8491C42A68000B16E36 /* ViewController.swift */ = {isa = PBXFileReference; lastKnownFileType = sourcecode.swift; path = ViewController.swift; sourceTree = "<group>"; };
		2D43B84C1C42A68000B16E36 /* Base */ = {isa = PBXFileReference; lastKnownFileType = file.storyboard; name = Base; path = Base.lproj/Main.storyboard; sourceTree = "<group>"; };
		2D43B84E1C42A68000B16E36 /* Assets.xcassets */ = {isa = PBXFileReference; lastKnownFileType = folder.assetcatalog; path = Assets.xcassets; sourceTree = "<group>"; };
		2D43B8511C42A68000B16E36 /* Base */ = {isa = PBXFileReference; lastKnownFileType = file.storyboard; name = Base; path = Base.lproj/LaunchScreen.storyboard; sourceTree = "<group>"; };
		2D43B8531C42A68000B16E36 /* Info.plist */ = {isa = PBXFileReference; lastKnownFileType = text.plist.xml; path = Info.plist; sourceTree = "<group>"; };
		2D43B8581C42A68000B16E36 /* TableManager ExampleTests.xctest */ = {isa = PBXFileReference; explicitFileType = wrapper.cfbundle; includeInIndex = 0; path = "TableManager ExampleTests.xctest"; sourceTree = BUILT_PRODUCTS_DIR; };
		2D43B85C1C42A68000B16E36 /* TableManager_ExampleTests.swift */ = {isa = PBXFileReference; lastKnownFileType = sourcecode.swift; path = TableManager_ExampleTests.swift; sourceTree = "<group>"; };
		2D43B85E1C42A68000B16E36 /* Info.plist */ = {isa = PBXFileReference; lastKnownFileType = text.plist.xml; path = Info.plist; sourceTree = "<group>"; };
		2D4406141E0AA4DA006371EC /* SpacesTableViewController.swift */ = {isa = PBXFileReference; fileEncoding = 4; lastKnownFileType = sourcecode.swift; path = SpacesTableViewController.swift; sourceTree = "<group>"; };
		2D4406171E0AB0FC006371EC /* .swiftlint.yml */ = {isa = PBXFileReference; fileEncoding = 4; lastKnownFileType = text; path = .swiftlint.yml; sourceTree = "<group>"; };
		2D4406191E0AB8F0006371EC /* CHANGELOG.md */ = {isa = PBXFileReference; lastKnownFileType = net.daringfireball.markdown; name = CHANGELOG.md; path = ../../CHANGELOG.md; sourceTree = "<group>"; };
		2DA53AE11D03C8570001E6DC /* README.md */ = {isa = PBXFileReference; lastKnownFileType = net.daringfireball.markdown; name = README.md; path = ../../README.md; sourceTree = "<group>"; };
		2DA53AE21D03C8570001E6DC /* TableManager.podspec */ = {isa = PBXFileReference; lastKnownFileType = text; name = TableManager.podspec; path = ../../TableManager.podspec; sourceTree = "<group>"; };
		2DA53AEA1D109A0C0001E6DC /* BasicUsageViewController.swift */ = {isa = PBXFileReference; fileEncoding = 4; lastKnownFileType = sourcecode.swift; path = BasicUsageViewController.swift; sourceTree = "<group>"; };
		2DA53AEC1D10A0880001E6DC /* VisibilityViewController.swift */ = {isa = PBXFileReference; fileEncoding = 4; lastKnownFileType = sourcecode.swift; path = VisibilityViewController.swift; sourceTree = "<group>"; };
		2DA53AEE1D10D5310001E6DC /* Fake.swift */ = {isa = PBXFileReference; fileEncoding = 4; lastKnownFileType = sourcecode.swift; path = Fake.swift; sourceTree = "<group>"; };
		2DA53AF11D10DE3B0001E6DC /* CellCustomA.swift */ = {isa = PBXFileReference; fileEncoding = 4; lastKnownFileType = sourcecode.swift; path = CellCustomA.swift; sourceTree = "<group>"; };
		2DA53AF21D10DE3B0001E6DC /* CellCustomA.xib */ = {isa = PBXFileReference; fileEncoding = 4; lastKnownFileType = file.xib; path = CellCustomA.xib; sourceTree = "<group>"; };
		2DA53AF61D10E1310001E6DC /* CustomCellViewController.swift */ = {isa = PBXFileReference; fileEncoding = 4; lastKnownFileType = sourcecode.swift; path = CustomCellViewController.swift; sourceTree = "<group>"; };
		2DA53AF81D10E6620001E6DC /* SelectionViewController.swift */ = {isa = PBXFileReference; fileEncoding = 4; lastKnownFileType = sourcecode.swift; path = SelectionViewController.swift; sourceTree = "<group>"; };
		2DA53AFA1D15E7C30001E6DC /* DragAndDropViewController.swift */ = {isa = PBXFileReference; fileEncoding = 4; lastKnownFileType = sourcecode.swift; path = DragAndDropViewController.swift; sourceTree = "<group>"; };
		2DA53AFC1D15FC530001E6DC /* DeletionViewController.swift */ = {isa = PBXFileReference; fileEncoding = 4; lastKnownFileType = sourcecode.swift; path = DeletionViewController.swift; sourceTree = "<group>"; };
		2DA53B001D1707C40001E6DC /* SelectedRowViewController.swift */ = {isa = PBXFileReference; fileEncoding = 4; lastKnownFileType = sourcecode.swift; path = SelectedRowViewController.swift; sourceTree = "<group>"; };
		2DA53B021D170B790001E6DC /* VisibleRowsViewController.swift */ = {isa = PBXFileReference; fileEncoding = 4; lastKnownFileType = sourcecode.swift; path = VisibleRowsViewController.swift; sourceTree = "<group>"; };
		2DA53B041D1710BC0001E6DC /* ScrollViewDelegateViewController.swift */ = {isa = PBXFileReference; fileEncoding = 4; lastKnownFileType = sourcecode.swift; path = ScrollViewDelegateViewController.swift; sourceTree = "<group>"; };
		2DECA1941E1BF9EA00C8548F /* LastHeightViewController.swift */ = {isa = PBXFileReference; fileEncoding = 4; lastKnownFileType = sourcecode.swift; path = LastHeightViewController.swift; sourceTree = "<group>"; };
		A08A9B9C8070F4A086E8AD6F /* Pods.framework */ = {isa = PBXFileReference; explicitFileType = wrapper.framework; includeInIndex = 0; path = Pods.framework; sourceTree = BUILT_PRODUCTS_DIR; };
		A08C80771EF806AD0043EE73 /* ActionsViewController.swift */ = {isa = PBXFileReference; fileEncoding = 4; lastKnownFileType = sourcecode.swift; path = ActionsViewController.swift; sourceTree = "<group>"; };
		BE1ECB2F1E25A8B6006AB0E1 /* SectionIndexViewController.swift */ = {isa = PBXFileReference; fileEncoding = 4; lastKnownFileType = sourcecode.swift; path = SectionIndexViewController.swift; sourceTree = "<group>"; };
		CF7C3108F3A8089697C950A8 /* Pods-TableManager Example.release.xcconfig */ = {isa = PBXFileReference; includeInIndex = 1; lastKnownFileType = text.xcconfig; name = "Pods-TableManager Example.release.xcconfig"; path = "Pods/Target Support Files/Pods-TableManager Example/Pods-TableManager Example.release.xcconfig"; sourceTree = "<group>"; };
		F9A2324CB62ACDFE987C4BF5 /* Pods-TableManager Example.debug.xcconfig */ = {isa = PBXFileReference; includeInIndex = 1; lastKnownFileType = text.xcconfig; name = "Pods-TableManager Example.debug.xcconfig"; path = "Pods/Target Support Files/Pods-TableManager Example/Pods-TableManager Example.debug.xcconfig"; sourceTree = "<group>"; };
/* End PBXFileReference section */

/* Begin PBXFrameworksBuildPhase section */
		2D43B8411C42A68000B16E36 /* Frameworks */ = {
			isa = PBXFrameworksBuildPhase;
			buildActionMask = 2147483647;
			files = (
				8CC7604FB6EAF26CA9994C74 /* Pods_TableManager_Example.framework in Frameworks */,
			);
			runOnlyForDeploymentPostprocessing = 0;
		};
		2D43B8551C42A68000B16E36 /* Frameworks */ = {
			isa = PBXFrameworksBuildPhase;
			buildActionMask = 2147483647;
			files = (
			);
			runOnlyForDeploymentPostprocessing = 0;
		};
/* End PBXFrameworksBuildPhase section */

/* Begin PBXGroup section */
		2D43B83B1C42A68000B16E36 = {
			isa = PBXGroup;
			children = (
				2DA53AE11D03C8570001E6DC /* README.md */,
				2D4406191E0AB8F0006371EC /* CHANGELOG.md */,
				2DA53AE21D03C8570001E6DC /* TableManager.podspec */,
				2D4406171E0AB0FC006371EC /* .swiftlint.yml */,
				2D43B8461C42A68000B16E36 /* TableManager Example */,
				2D43B85B1C42A68000B16E36 /* TableManager ExampleTests */,
				2D43B8451C42A68000B16E36 /* Products */,
				6D74B9D7F59209C9270F02D7 /* Frameworks */,
				A1978BF56D6481024BDE98EB /* Pods */,
			);
			sourceTree = "<group>";
		};
		2D43B8451C42A68000B16E36 /* Products */ = {
			isa = PBXGroup;
			children = (
				2D43B8441C42A68000B16E36 /* TableManager Example.app */,
				2D43B8581C42A68000B16E36 /* TableManager ExampleTests.xctest */,
			);
			name = Products;
			sourceTree = "<group>";
		};
		2D43B8461C42A68000B16E36 /* TableManager Example */ = {
			isa = PBXGroup;
			children = (
				2D43B8471C42A68000B16E36 /* AppDelegate.swift */,
				2DA53AEE1D10D5310001E6DC /* Fake.swift */,
				2DA53AF01D10DDE80001E6DC /* View Controllers */,
				2DA53AF51D10DE440001E6DC /* Custom Cells */,
				2D43B84B1C42A68000B16E36 /* Main.storyboard */,
				2D43B84E1C42A68000B16E36 /* Assets.xcassets */,
				2D43B8501C42A68000B16E36 /* LaunchScreen.storyboard */,
				2D43B8531C42A68000B16E36 /* Info.plist */,
			);
			path = "TableManager Example";
			sourceTree = "<group>";
		};
		2D43B85B1C42A68000B16E36 /* TableManager ExampleTests */ = {
			isa = PBXGroup;
			children = (
				2D43B85C1C42A68000B16E36 /* TableManager_ExampleTests.swift */,
				2D43B85E1C42A68000B16E36 /* Info.plist */,
			);
			path = "TableManager ExampleTests";
			sourceTree = "<group>";
		};
		2DA53AF01D10DDE80001E6DC /* View Controllers */ = {
			isa = PBXGroup;
			children = (
				2D43B8491C42A68000B16E36 /* ViewController.swift */,
				2DA53AEA1D109A0C0001E6DC /* BasicUsageViewController.swift */,
				2DA53AEC1D10A0880001E6DC /* VisibilityViewController.swift */,
				2DA53AF61D10E1310001E6DC /* CustomCellViewController.swift */,
				2DA53AF81D10E6620001E6DC /* SelectionViewController.swift */,
				2DA53AFA1D15E7C30001E6DC /* DragAndDropViewController.swift */,
				2DA53AFC1D15FC530001E6DC /* DeletionViewController.swift */,
				2DA53B001D1707C40001E6DC /* SelectedRowViewController.swift */,
				2DA53B021D170B790001E6DC /* VisibleRowsViewController.swift */,
				2DA53B041D1710BC0001E6DC /* ScrollViewDelegateViewController.swift */,
				2D4406141E0AA4DA006371EC /* SpacesTableViewController.swift */,
				2DECA1941E1BF9EA00C8548F /* LastHeightViewController.swift */,
				BE1ECB2F1E25A8B6006AB0E1 /* SectionIndexViewController.swift */,
				A08C80771EF806AD0043EE73 /* ActionsViewController.swift */,
			);
			name = "View Controllers";
			sourceTree = "<group>";
		};
		2DA53AF51D10DE440001E6DC /* Custom Cells */ = {
			isa = PBXGroup;
			children = (
				2DA53AF11D10DE3B0001E6DC /* CellCustomA.swift */,
				2DA53AF21D10DE3B0001E6DC /* CellCustomA.xib */,
			);
			name = "Custom Cells";
			sourceTree = "<group>";
		};
		6D74B9D7F59209C9270F02D7 /* Frameworks */ = {
			isa = PBXGroup;
			children = (
				A08A9B9C8070F4A086E8AD6F /* Pods.framework */,
				20A66A9FABE3B404B0E6BCA6 /* Pods_TableManager_Example.framework */,
			);
			name = Frameworks;
			sourceTree = "<group>";
		};
		A1978BF56D6481024BDE98EB /* Pods */ = {
			isa = PBXGroup;
			children = (
				F9A2324CB62ACDFE987C4BF5 /* Pods-TableManager Example.debug.xcconfig */,
				CF7C3108F3A8089697C950A8 /* Pods-TableManager Example.release.xcconfig */,
			);
			name = Pods;
			sourceTree = "<group>";
		};
/* End PBXGroup section */

/* Begin PBXNativeTarget section */
		2D43B8431C42A68000B16E36 /* TableManager Example */ = {
			isa = PBXNativeTarget;
			buildConfigurationList = 2D43B8611C42A68000B16E36 /* Build configuration list for PBXNativeTarget "TableManager Example" */;
			buildPhases = (
				1664662A425C37CE66D61FEA /* [CP] Check Pods Manifest.lock */,
				2D4406161E0AAFBA006371EC /* Swiftlint */,
				2D43B8401C42A68000B16E36 /* Sources */,
				2D43B8411C42A68000B16E36 /* Frameworks */,
				2D43B8421C42A68000B16E36 /* Resources */,
				350743CAFA8D34A1A5B6D6FE /* [CP] Embed Pods Frameworks */,
				785421AAA8EA14C1D20E570C /* [CP] Copy Pods Resources */,
			);
			buildRules = (
			);
			dependencies = (
			);
			name = "TableManager Example";
			productName = "TableManager Example";
			productReference = 2D43B8441C42A68000B16E36 /* TableManager Example.app */;
			productType = "com.apple.product-type.application";
		};
		2D43B8571C42A68000B16E36 /* TableManager ExampleTests */ = {
			isa = PBXNativeTarget;
			buildConfigurationList = 2D43B8641C42A68000B16E36 /* Build configuration list for PBXNativeTarget "TableManager ExampleTests" */;
			buildPhases = (
				2D43B8541C42A68000B16E36 /* Sources */,
				2D43B8551C42A68000B16E36 /* Frameworks */,
				2D43B8561C42A68000B16E36 /* Resources */,
			);
			buildRules = (
			);
			dependencies = (
				2D43B85A1C42A68000B16E36 /* PBXTargetDependency */,
			);
			name = "TableManager ExampleTests";
			productName = "TableManager ExampleTests";
			productReference = 2D43B8581C42A68000B16E36 /* TableManager ExampleTests.xctest */;
			productType = "com.apple.product-type.bundle.unit-test";
		};
/* End PBXNativeTarget section */

/* Begin PBXProject section */
		2D43B83C1C42A68000B16E36 /* Project object */ = {
			isa = PBXProject;
			attributes = {
				LastSwiftUpdateCheck = 0720;
				LastUpgradeCheck = 0810;
				ORGANIZATIONNAME = Morbix;
				TargetAttributes = {
					2D43B8431C42A68000B16E36 = {
						CreatedOnToolsVersion = 7.2;
						LastSwiftMigration = 0810;
					};
					2D43B8571C42A68000B16E36 = {
						CreatedOnToolsVersion = 7.2;
						LastSwiftMigration = 0810;
						TestTargetID = 2D43B8431C42A68000B16E36;
					};
				};
			};
			buildConfigurationList = 2D43B83F1C42A68000B16E36 /* Build configuration list for PBXProject "TableManager Example" */;
			compatibilityVersion = "Xcode 3.2";
			developmentRegion = English;
			hasScannedForEncodings = 0;
			knownRegions = (
				en,
				Base,
			);
			mainGroup = 2D43B83B1C42A68000B16E36;
			productRefGroup = 2D43B8451C42A68000B16E36 /* Products */;
			projectDirPath = "";
			projectRoot = "";
			targets = (
				2D43B8431C42A68000B16E36 /* TableManager Example */,
				2D43B8571C42A68000B16E36 /* TableManager ExampleTests */,
			);
		};
/* End PBXProject section */

/* Begin PBXResourcesBuildPhase section */
		2D43B8421C42A68000B16E36 /* Resources */ = {
			isa = PBXResourcesBuildPhase;
			buildActionMask = 2147483647;
			files = (
				2DA53AF41D10DE3B0001E6DC /* CellCustomA.xib in Resources */,
				2D43B8521C42A68000B16E36 /* LaunchScreen.storyboard in Resources */,
				2D43B84F1C42A68000B16E36 /* Assets.xcassets in Resources */,
				2D43B84D1C42A68000B16E36 /* Main.storyboard in Resources */,
			);
			runOnlyForDeploymentPostprocessing = 0;
		};
		2D43B8561C42A68000B16E36 /* Resources */ = {
			isa = PBXResourcesBuildPhase;
			buildActionMask = 2147483647;
			files = (
			);
			runOnlyForDeploymentPostprocessing = 0;
		};
/* End PBXResourcesBuildPhase section */

/* Begin PBXShellScriptBuildPhase section */
		1664662A425C37CE66D61FEA /* [CP] Check Pods Manifest.lock */ = {
			isa = PBXShellScriptBuildPhase;
			buildActionMask = 2147483647;
			files = (
			);
			inputPaths = (
			);
			name = "[CP] Check Pods Manifest.lock";
			outputPaths = (
			);
			runOnlyForDeploymentPostprocessing = 0;
			shellPath = /bin/sh;
			shellScript = "diff \"${PODS_PODFILE_DIR_PATH}/Podfile.lock\" \"${PODS_ROOT}/Manifest.lock\" > /dev/null\nif [ $? != 0 ] ; then\n    # print error to STDERR\n    echo \"error: The sandbox is not in sync with the Podfile.lock. Run 'pod install' or update your CocoaPods installation.\" >&2\n    exit 1\nfi\n";
			showEnvVarsInLog = 0;
		};
		2D4406161E0AAFBA006371EC /* Swiftlint */ = {
			isa = PBXShellScriptBuildPhase;
			buildActionMask = 2147483647;
			files = (
			);
			inputPaths = (
			);
			name = Swiftlint;
			outputPaths = (
			);
			runOnlyForDeploymentPostprocessing = 0;
			shellPath = /bin/sh;
			shellScript = "if which swiftlint >/dev/null; then\nswiftlint\nelse\necho \"warning: SwiftLint not installed, download from https://github.com/realm/SwiftLint\"\nfi";
		};
		350743CAFA8D34A1A5B6D6FE /* [CP] Embed Pods Frameworks */ = {
			isa = PBXShellScriptBuildPhase;
			buildActionMask = 2147483647;
			files = (
			);
			inputPaths = (
			);
			name = "[CP] Embed Pods Frameworks";
			outputPaths = (
			);
			runOnlyForDeploymentPostprocessing = 0;
			shellPath = /bin/sh;
			shellScript = "\"${SRCROOT}/Pods/Target Support Files/Pods-TableManager Example/Pods-TableManager Example-frameworks.sh\"\n";
			showEnvVarsInLog = 0;
		};
		785421AAA8EA14C1D20E570C /* [CP] Copy Pods Resources */ = {
			isa = PBXShellScriptBuildPhase;
			buildActionMask = 2147483647;
			files = (
			);
			inputPaths = (
			);
			name = "[CP] Copy Pods Resources";
			outputPaths = (
			);
			runOnlyForDeploymentPostprocessing = 0;
			shellPath = /bin/sh;
			shellScript = "\"${SRCROOT}/Pods/Target Support Files/Pods-TableManager Example/Pods-TableManager Example-resources.sh\"\n";
			showEnvVarsInLog = 0;
		};
/* End PBXShellScriptBuildPhase section */

/* Begin PBXSourcesBuildPhase section */
		2D43B8401C42A68000B16E36 /* Sources */ = {
			isa = PBXSourcesBuildPhase;
			buildActionMask = 2147483647;
			files = (
				2D4406151E0AA4DA006371EC /* SpacesTableViewController.swift in Sources */,
				2DA53AFB1D15E7C30001E6DC /* DragAndDropViewController.swift in Sources */,
				2DA53AED1D10A0880001E6DC /* VisibilityViewController.swift in Sources */,
				2DA53B031D170B790001E6DC /* VisibleRowsViewController.swift in Sources */,
				2DA53AF71D10E1310001E6DC /* CustomCellViewController.swift in Sources */,
				2DA53AEF1D10D5310001E6DC /* Fake.swift in Sources */,
				2DA53B051D1710BC0001E6DC /* ScrollViewDelegateViewController.swift in Sources */,
				2DA53AF31D10DE3B0001E6DC /* CellCustomA.swift in Sources */,
				2D43B84A1C42A68000B16E36 /* ViewController.swift in Sources */,
				2DA53AFD1D15FC530001E6DC /* DeletionViewController.swift in Sources */,
				2DA53B011D1707C40001E6DC /* SelectedRowViewController.swift in Sources */,
				2DA53AF91D10E6620001E6DC /* SelectionViewController.swift in Sources */,
				A08C80781EF806AD0043EE73 /* ActionsViewController.swift in Sources */,
				2DA53AEB1D109A0C0001E6DC /* BasicUsageViewController.swift in Sources */,
				2DECA1951E1BF9EA00C8548F /* LastHeightViewController.swift in Sources */,
				BE1ECB301E25A8B6006AB0E1 /* SectionIndexViewController.swift in Sources */,
				2D43B8481C42A68000B16E36 /* AppDelegate.swift in Sources */,
			);
			runOnlyForDeploymentPostprocessing = 0;
		};
		2D43B8541C42A68000B16E36 /* Sources */ = {
			isa = PBXSourcesBuildPhase;
			buildActionMask = 2147483647;
			files = (
				2D43B85D1C42A68000B16E36 /* TableManager_ExampleTests.swift in Sources */,
			);
			runOnlyForDeploymentPostprocessing = 0;
		};
/* End PBXSourcesBuildPhase section */

/* Begin PBXTargetDependency section */
		2D43B85A1C42A68000B16E36 /* PBXTargetDependency */ = {
			isa = PBXTargetDependency;
			target = 2D43B8431C42A68000B16E36 /* TableManager Example */;
			targetProxy = 2D43B8591C42A68000B16E36 /* PBXContainerItemProxy */;
		};
/* End PBXTargetDependency section */

/* Begin PBXVariantGroup section */
		2D43B84B1C42A68000B16E36 /* Main.storyboard */ = {
			isa = PBXVariantGroup;
			children = (
				2D43B84C1C42A68000B16E36 /* Base */,
			);
			name = Main.storyboard;
			sourceTree = "<group>";
		};
		2D43B8501C42A68000B16E36 /* LaunchScreen.storyboard */ = {
			isa = PBXVariantGroup;
			children = (
				2D43B8511C42A68000B16E36 /* Base */,
			);
			name = LaunchScreen.storyboard;
			sourceTree = "<group>";
		};
/* End PBXVariantGroup section */

/* Begin XCBuildConfiguration section */
		2D43B85F1C42A68000B16E36 /* Debug */ = {
			isa = XCBuildConfiguration;
			buildSettings = {
				ALWAYS_SEARCH_USER_PATHS = NO;
				CLANG_CXX_LANGUAGE_STANDARD = "gnu++0x";
				CLANG_CXX_LIBRARY = "libc++";
				CLANG_ENABLE_MODULES = YES;
				CLANG_ENABLE_OBJC_ARC = YES;
				CLANG_WARN_BOOL_CONVERSION = YES;
				CLANG_WARN_CONSTANT_CONVERSION = YES;
				CLANG_WARN_DIRECT_OBJC_ISA_USAGE = YES_ERROR;
				CLANG_WARN_EMPTY_BODY = YES;
				CLANG_WARN_ENUM_CONVERSION = YES;
				CLANG_WARN_INFINITE_RECURSION = YES;
				CLANG_WARN_INT_CONVERSION = YES;
				CLANG_WARN_OBJC_ROOT_CLASS = YES_ERROR;
				CLANG_WARN_SUSPICIOUS_MOVE = YES;
				CLANG_WARN_UNREACHABLE_CODE = YES;
				CLANG_WARN__DUPLICATE_METHOD_MATCH = YES;
				"CODE_SIGN_IDENTITY[sdk=iphoneos*]" = "iPhone Developer";
				COPY_PHASE_STRIP = NO;
				DEBUG_INFORMATION_FORMAT = dwarf;
				ENABLE_STRICT_OBJC_MSGSEND = YES;
				ENABLE_TESTABILITY = YES;
				GCC_C_LANGUAGE_STANDARD = gnu99;
				GCC_DYNAMIC_NO_PIC = NO;
				GCC_NO_COMMON_BLOCKS = YES;
				GCC_OPTIMIZATION_LEVEL = 0;
				GCC_PREPROCESSOR_DEFINITIONS = (
					"DEBUG=1",
					"$(inherited)",
				);
				GCC_WARN_64_TO_32_BIT_CONVERSION = YES;
				GCC_WARN_ABOUT_RETURN_TYPE = YES_ERROR;
				GCC_WARN_UNDECLARED_SELECTOR = YES;
				GCC_WARN_UNINITIALIZED_AUTOS = YES_AGGRESSIVE;
				GCC_WARN_UNUSED_FUNCTION = YES;
				GCC_WARN_UNUSED_VARIABLE = YES;
				IPHONEOS_DEPLOYMENT_TARGET = 9.2;
				MTL_ENABLE_DEBUG_INFO = YES;
				ONLY_ACTIVE_ARCH = YES;
				SDKROOT = iphoneos;
				SWIFT_OPTIMIZATION_LEVEL = "-Onone";
			};
			name = Debug;
		};
		2D43B8601C42A68000B16E36 /* Release */ = {
			isa = XCBuildConfiguration;
			buildSettings = {
				ALWAYS_SEARCH_USER_PATHS = NO;
				CLANG_CXX_LANGUAGE_STANDARD = "gnu++0x";
				CLANG_CXX_LIBRARY = "libc++";
				CLANG_ENABLE_MODULES = YES;
				CLANG_ENABLE_OBJC_ARC = YES;
				CLANG_WARN_BOOL_CONVERSION = YES;
				CLANG_WARN_CONSTANT_CONVERSION = YES;
				CLANG_WARN_DIRECT_OBJC_ISA_USAGE = YES_ERROR;
				CLANG_WARN_EMPTY_BODY = YES;
				CLANG_WARN_ENUM_CONVERSION = YES;
				CLANG_WARN_INFINITE_RECURSION = YES;
				CLANG_WARN_INT_CONVERSION = YES;
				CLANG_WARN_OBJC_ROOT_CLASS = YES_ERROR;
				CLANG_WARN_SUSPICIOUS_MOVE = YES;
				CLANG_WARN_UNREACHABLE_CODE = YES;
				CLANG_WARN__DUPLICATE_METHOD_MATCH = YES;
				"CODE_SIGN_IDENTITY[sdk=iphoneos*]" = "iPhone Developer";
				COPY_PHASE_STRIP = NO;
				DEBUG_INFORMATION_FORMAT = "dwarf-with-dsym";
				ENABLE_NS_ASSERTIONS = NO;
				ENABLE_STRICT_OBJC_MSGSEND = YES;
				GCC_C_LANGUAGE_STANDARD = gnu99;
				GCC_NO_COMMON_BLOCKS = YES;
				GCC_WARN_64_TO_32_BIT_CONVERSION = YES;
				GCC_WARN_ABOUT_RETURN_TYPE = YES_ERROR;
				GCC_WARN_UNDECLARED_SELECTOR = YES;
				GCC_WARN_UNINITIALIZED_AUTOS = YES_AGGRESSIVE;
				GCC_WARN_UNUSED_FUNCTION = YES;
				GCC_WARN_UNUSED_VARIABLE = YES;
				IPHONEOS_DEPLOYMENT_TARGET = 9.2;
				MTL_ENABLE_DEBUG_INFO = NO;
				SDKROOT = iphoneos;
				SWIFT_OPTIMIZATION_LEVEL = "-Owholemodule";
				VALIDATE_PRODUCT = YES;
			};
			name = Release;
		};
		2D43B8621C42A68000B16E36 /* Debug */ = {
			isa = XCBuildConfiguration;
			baseConfigurationReference = F9A2324CB62ACDFE987C4BF5 /* Pods-TableManager Example.debug.xcconfig */;
			buildSettings = {
				ALWAYS_EMBED_SWIFT_STANDARD_LIBRARIES = YES;
				ASSETCATALOG_COMPILER_APPICON_NAME = AppIcon;
				CLANG_ENABLE_MODULES = YES;
				DEVELOPMENT_TEAM = "";
				INFOPLIST_FILE = "TableManager Example/Info.plist";
				LD_RUNPATH_SEARCH_PATHS = "$(inherited) @executable_path/Frameworks";
				PRODUCT_BUNDLE_IDENTIFIER = "br.com.morbix.TableManager-Example";
				PRODUCT_NAME = "$(TARGET_NAME)";
				SWIFT_OBJC_BRIDGING_HEADER = "";
				SWIFT_OPTIMIZATION_LEVEL = "-Onone";
				SWIFT_VERSION = 3.0;
			};
			name = Debug;
		};
		2D43B8631C42A68000B16E36 /* Release */ = {
			isa = XCBuildConfiguration;
			baseConfigurationReference = CF7C3108F3A8089697C950A8 /* Pods-TableManager Example.release.xcconfig */;
			buildSettings = {
				ALWAYS_EMBED_SWIFT_STANDARD_LIBRARIES = YES;
				ASSETCATALOG_COMPILER_APPICON_NAME = AppIcon;
				CLANG_ENABLE_MODULES = YES;
				DEVELOPMENT_TEAM = "";
				INFOPLIST_FILE = "TableManager Example/Info.plist";
				LD_RUNPATH_SEARCH_PATHS = "$(inherited) @executable_path/Frameworks";
				PRODUCT_BUNDLE_IDENTIFIER = "br.com.morbix.TableManager-Example";
				PRODUCT_NAME = "$(TARGET_NAME)";
				SWIFT_OBJC_BRIDGING_HEADER = "";
				SWIFT_VERSION = 3.0;
			};
			name = Release;
		};
		2D43B8651C42A68000B16E36 /* Debug */ = {
			isa = XCBuildConfiguration;
			buildSettings = {
				BUNDLE_LOADER = "$(TEST_HOST)";
				INFOPLIST_FILE = "TableManager ExampleTests/Info.plist";
				LD_RUNPATH_SEARCH_PATHS = "$(inherited) @executable_path/Frameworks @loader_path/Frameworks";
				PRODUCT_BUNDLE_IDENTIFIER = "br.com.morbix.TableManager-ExampleTests";
				PRODUCT_NAME = "$(TARGET_NAME)";
				SWIFT_VERSION = 3.0;
				TEST_HOST = "$(BUILT_PRODUCTS_DIR)/TableManager Example.app/TableManager Example";
			};
			name = Debug;
		};
		2D43B8661C42A68000B16E36 /* Release */ = {
			isa = XCBuildConfiguration;
			buildSettings = {
				BUNDLE_LOADER = "$(TEST_HOST)";
				INFOPLIST_FILE = "TableManager ExampleTests/Info.plist";
				LD_RUNPATH_SEARCH_PATHS = "$(inherited) @executable_path/Frameworks @loader_path/Frameworks";
				PRODUCT_BUNDLE_IDENTIFIER = "br.com.morbix.TableManager-ExampleTests";
				PRODUCT_NAME = "$(TARGET_NAME)";
				SWIFT_VERSION = 3.0;
				TEST_HOST = "$(BUILT_PRODUCTS_DIR)/TableManager Example.app/TableManager Example";
			};
			name = Release;
		};
/* End XCBuildConfiguration section */

/* Begin XCConfigurationList section */
		2D43B83F1C42A68000B16E36 /* Build configuration list for PBXProject "TableManager Example" */ = {
			isa = XCConfigurationList;
			buildConfigurations = (
				2D43B85F1C42A68000B16E36 /* Debug */,
				2D43B8601C42A68000B16E36 /* Release */,
			);
			defaultConfigurationIsVisible = 0;
			defaultConfigurationName = Release;
		};
		2D43B8611C42A68000B16E36 /* Build configuration list for PBXNativeTarget "TableManager Example" */ = {
			isa = XCConfigurationList;
			buildConfigurations = (
				2D43B8621C42A68000B16E36 /* Debug */,
				2D43B8631C42A68000B16E36 /* Release */,
			);
			defaultConfigurationIsVisible = 0;
			defaultConfigurationName = Release;
		};
		2D43B8641C42A68000B16E36 /* Build configuration list for PBXNativeTarget "TableManager ExampleTests" */ = {
			isa = XCConfigurationList;
			buildConfigurations = (
				2D43B8651C42A68000B16E36 /* Debug */,
				2D43B8661C42A68000B16E36 /* Release */,
			);
			defaultConfigurationIsVisible = 0;
			defaultConfigurationName = Release;
		};
/* End XCConfigurationList section */
	};
	rootObject = 2D43B83C1C42A68000B16E36 /* Project object */;
}
